// !$*UTF8*$!
{
	archiveVersion = 1;
	classes = {
	};
	objectVersion = 46;
	objects = {

/* Begin PBXBuildFile section */
		7C24FD961E3145B2007352CA /* ui.c in Sources */ = {isa = PBXBuildFile; fileRef = 7C24FD941E3145B2007352CA /* ui.c */; };
		7C91035B1E47E6BF0053FA18 /* ai.c in Sources */ = {isa = PBXBuildFile; fileRef = 7C9103591E47E6BF0053FA18 /* ai.c */; };
		7CB14BE11E30016500C49FC3 /* SDL2_image.framework in Frameworks */ = {isa = PBXBuildFile; fileRef = 7CB14BE01E30016500C49FC3 /* SDL2_image.framework */; };
		7CBA75371E3014BD002CFF37 /* SDL2_ttf.framework in Frameworks */ = {isa = PBXBuildFile; fileRef = 7CBA75361E3014BD002CFF37 /* SDL2_ttf.framework */; };
		7CBDA73B1E36BA1A003710B5 /* database.c in Sources */ = {isa = PBXBuildFile; fileRef = 7CBDA7391E36BA1A003710B5 /* database.c */; };
		7CEAA51C1E2F151100E969C4 /* main.c in Sources */ = {isa = PBXBuildFile; fileRef = 7CEAA51B1E2F151100E969C4 /* main.c */; };
		7CEAA5241E2F152A00E969C4 /* SDL2.framework in Frameworks */ = {isa = PBXBuildFile; fileRef = 7CEAA5231E2F152A00E969C4 /* SDL2.framework */; };
/* End PBXBuildFile section */

/* Begin PBXCopyFilesBuildPhase section */
		7CEAA5161E2F151100E969C4 /* CopyFiles */ = {
			isa = PBXCopyFilesBuildPhase;
			buildActionMask = 2147483647;
			dstPath = /usr/share/man/man1/;
			dstSubfolderSpec = 0;
			files = (
			);
			runOnlyForDeploymentPostprocessing = 1;
		};
/* End PBXCopyFilesBuildPhase section */

/* Begin PBXFileReference section */
		7C24FD941E3145B2007352CA /* ui.c */ = {isa = PBXFileReference; fileEncoding = 4; lastKnownFileType = sourcecode.c.c; path = ui.c; sourceTree = "<group>"; };
		7C24FD951E3145B2007352CA /* ui.h */ = {isa = PBXFileReference; fileEncoding = 4; lastKnownFileType = sourcecode.c.h; path = ui.h; sourceTree = "<group>"; };
		7C9103591E47E6BF0053FA18 /* ai.c */ = {isa = PBXFileReference; fileEncoding = 4; lastKnownFileType = sourcecode.c.c; name = ai.c; path = ../ai.c; sourceTree = "<group>"; };
		7C91035A1E47E6BF0053FA18 /* ai.h */ = {isa = PBXFileReference; fileEncoding = 4; lastKnownFileType = sourcecode.c.h; name = ai.h; path = ../ai.h; sourceTree = "<group>"; };
		7CB14BE01E30016500C49FC3 /* SDL2_image.framework */ = {isa = PBXFileReference; lastKnownFileType = wrapper.framework; name = SDL2_image.framework; path = ../../../../../../Library/Frameworks/SDL2_image.framework; sourceTree = "<group>"; };
		7CBA75361E3014BD002CFF37 /* SDL2_ttf.framework */ = {isa = PBXFileReference; lastKnownFileType = wrapper.framework; name = SDL2_ttf.framework; path = ../../../../../../Library/Frameworks/SDL2_ttf.framework; sourceTree = "<group>"; };
		7CBDA7391E36BA1A003710B5 /* database.c */ = {isa = PBXFileReference; fileEncoding = 4; lastKnownFileType = sourcecode.c.c; path = database.c; sourceTree = "<group>"; };
		7CBDA73A1E36BA1A003710B5 /* database.h */ = {isa = PBXFileReference; fileEncoding = 4; lastKnownFileType = sourcecode.c.h; path = database.h; sourceTree = "<group>"; };
		7CEAA5181E2F151100E969C4 /* MMORPG_Simulator */ = {isa = PBXFileReference; explicitFileType = "compiled.mach-o.executable"; includeInIndex = 0; path = MMORPG_Simulator; sourceTree = BUILT_PRODUCTS_DIR; };
		7CEAA51B1E2F151100E969C4 /* main.c */ = {isa = PBXFileReference; lastKnownFileType = sourcecode.c.c; path = main.c; sourceTree = "<group>"; };
		7CEAA5231E2F152A00E969C4 /* SDL2.framework */ = {isa = PBXFileReference; lastKnownFileType = wrapper.framework; name = SDL2.framework; path = ../../../../../../Library/Frameworks/SDL2.framework; sourceTree = "<group>"; };
		7CEAA5251E2F158F00E969C4 /* game.h */ = {isa = PBXFileReference; lastKnownFileType = sourcecode.c.h; path = game.h; sourceTree = "<group>"; };
		7CEAA5261E2F17AF00E969C4 /* main.h */ = {isa = PBXFileReference; lastKnownFileType = sourcecode.c.h; path = main.h; sourceTree = "<group>"; };
/* End PBXFileReference section */

/* Begin PBXFrameworksBuildPhase section */
		7CEAA5151E2F151100E969C4 /* Frameworks */ = {
			isa = PBXFrameworksBuildPhase;
			buildActionMask = 2147483647;
			files = (
				7CBA75371E3014BD002CFF37 /* SDL2_ttf.framework in Frameworks */,
				7CB14BE11E30016500C49FC3 /* SDL2_image.framework in Frameworks */,
				7CEAA5241E2F152A00E969C4 /* SDL2.framework in Frameworks */,
			);
			runOnlyForDeploymentPostprocessing = 0;
		};
/* End PBXFrameworksBuildPhase section */

/* Begin PBXGroup section */
		7CEAA50F1E2F151100E969C4 = {
			isa = PBXGroup;
			children = (
				7CEAA51A1E2F151100E969C4 /* MMORPG_Simulator */,
				7CEAA5191E2F151100E969C4 /* Products */,
				7CEAA5221E2F152A00E969C4 /* Frameworks */,
			);
			sourceTree = "<group>";
		};
		7CEAA5191E2F151100E969C4 /* Products */ = {
			isa = PBXGroup;
			children = (
				7CEAA5181E2F151100E969C4 /* MMORPG_Simulator */,
			);
			name = Products;
			sourceTree = "<group>";
		};
		7CEAA51A1E2F151100E969C4 /* MMORPG_Simulator */ = {
			isa = PBXGroup;
			children = (
				7C9103591E47E6BF0053FA18 /* ai.c */,
				7C91035A1E47E6BF0053FA18 /* ai.h */,
				7CBDA7391E36BA1A003710B5 /* database.c */,
				7CBDA73A1E36BA1A003710B5 /* database.h */,
				7CEAA51B1E2F151100E969C4 /* main.c */,
				7C24FD941E3145B2007352CA /* ui.c */,
				7C24FD951E3145B2007352CA /* ui.h */,
				7CEAA5261E2F17AF00E969C4 /* main.h */,
				7CEAA5251E2F158F00E969C4 /* game.h */,
			);
			path = MMORPG_Simulator;
			sourceTree = "<group>";
		};
		7CEAA5221E2F152A00E969C4 /* Frameworks */ = {
			isa = PBXGroup;
			children = (
				7CBA75361E3014BD002CFF37 /* SDL2_ttf.framework */,
				7CB14BE01E30016500C49FC3 /* SDL2_image.framework */,
				7CEAA5231E2F152A00E969C4 /* SDL2.framework */,
			);
			name = Frameworks;
			sourceTree = "<group>";
		};
/* End PBXGroup section */

/* Begin PBXNativeTarget section */
		7CEAA5171E2F151100E969C4 /* MMORPG_Simulator */ = {
			isa = PBXNativeTarget;
			buildConfigurationList = 7CEAA51F1E2F151100E969C4 /* Build configuration list for PBXNativeTarget "MMORPG_Simulator" */;
			buildPhases = (
				7CEAA5141E2F151100E969C4 /* Sources */,
				7CEAA5151E2F151100E969C4 /* Frameworks */,
				7CEAA5161E2F151100E969C4 /* CopyFiles */,
			);
			buildRules = (
			);
			dependencies = (
			);
			name = MMORPG_Simulator;
			productName = MMORPG_Simulator;
			productReference = 7CEAA5181E2F151100E969C4 /* MMORPG_Simulator */;
			productType = "com.apple.product-type.tool";
		};
/* End PBXNativeTarget section */

/* Begin PBXProject section */
		7CEAA5101E2F151100E969C4 /* Project object */ = {
			isa = PBXProject;
			attributes = {
				LastUpgradeCheck = 0820;
				ORGANIZATIONNAME = "Glover Corp";
				TargetAttributes = {
					7CEAA5171E2F151100E969C4 = {
						CreatedOnToolsVersion = 8.2.1;
						ProvisioningStyle = Automatic;
					};
				};
			};
			buildConfigurationList = 7CEAA5131E2F151100E969C4 /* Build configuration list for PBXProject "MMORPG_Simulator" */;
			compatibilityVersion = "Xcode 3.2";
			developmentRegion = English;
			hasScannedForEncodings = 0;
			knownRegions = (
				en,
			);
			mainGroup = 7CEAA50F1E2F151100E969C4;
			productRefGroup = 7CEAA5191E2F151100E969C4 /* Products */;
			projectDirPath = "";
			projectRoot = "";
			targets = (
				7CEAA5171E2F151100E969C4 /* MMORPG_Simulator */,
			);
		};
/* End PBXProject section */

/* Begin PBXSourcesBuildPhase section */
		7CEAA5141E2F151100E969C4 /* Sources */ = {
			isa = PBXSourcesBuildPhase;
			buildActionMask = 2147483647;
			files = (
				7CEAA51C1E2F151100E969C4 /* main.c in Sources */,
				7C24FD961E3145B2007352CA /* ui.c in Sources */,
				7CBDA73B1E36BA1A003710B5 /* database.c in Sources */,
				7C91035B1E47E6BF0053FA18 /* ai.c in Sources */,
			);
			runOnlyForDeploymentPostprocessing = 0;
		};
/* End PBXSourcesBuildPhase section */

/* Begin XCBuildConfiguration section */
		7CEAA51D1E2F151100E969C4 /* Debug */ = {
			isa = XCBuildConfiguration;
			buildSettings = {
				ALWAYS_SEARCH_USER_PATHS = NO;
				CLANG_ANALYZER_NONNULL = YES;
				CLANG_CXX_LANGUAGE_STANDARD = "gnu++0x";
				CLANG_CXX_LIBRARY = "libc++";
				CLANG_ENABLE_MODULES = YES;
				CLANG_ENABLE_OBJC_ARC = YES;
				CLANG_WARN_BOOL_CONVERSION = YES;
				CLANG_WARN_CONSTANT_CONVERSION = YES;
				CLANG_WARN_DIRECT_OBJC_ISA_USAGE = YES_ERROR;
				CLANG_WARN_DOCUMENTATION_COMMENTS = YES;
				CLANG_WARN_EMPTY_BODY = YES;
				CLANG_WARN_ENUM_CONVERSION = YES;
				CLANG_WARN_INFINITE_RECURSION = YES;
				CLANG_WARN_INT_CONVERSION = YES;
				CLANG_WARN_OBJC_ROOT_CLASS = YES_ERROR;
				CLANG_WARN_SUSPICIOUS_MOVE = YES;
				CLANG_WARN_UNREACHABLE_CODE = YES;
				CLANG_WARN__DUPLICATE_METHOD_MATCH = YES;
				CODE_SIGN_IDENTITY = "-";
				COPY_PHASE_STRIP = NO;
				DEBUG_INFORMATION_FORMAT = dwarf;
				ENABLE_STRICT_OBJC_MSGSEND = YES;
				ENABLE_TESTABILITY = YES;
				GCC_C_LANGUAGE_STANDARD = gnu99;
				GCC_DYNAMIC_NO_PIC = NO;
				GCC_NO_COMMON_BLOCKS = YES;
				GCC_OPTIMIZATION_LEVEL = 0;
				GCC_PREPROCESSOR_DEFINITIONS = (
					"DEBUG=1",
					"$(inherited)",
				);
				GCC_WARN_64_TO_32_BIT_CONVERSION = YES;
				GCC_WARN_ABOUT_RETURN_TYPE = YES_ERROR;
				GCC_WARN_UNDECLARED_SELECTOR = YES;
				GCC_WARN_UNINITIALIZED_AUTOS = YES_AGGRESSIVE;
				GCC_WARN_UNUSED_FUNCTION = YES;
				GCC_WARN_UNUSED_VARIABLE = YES;
				MACOSX_DEPLOYMENT_TARGET = 10.11;
				MTL_ENABLE_DEBUG_INFO = YES;
				ONLY_ACTIVE_ARCH = YES;
				SDKROOT = macosx;
			};
			name = Debug;
		};
		7CEAA51E1E2F151100E969C4 /* Release */ = {
			isa = XCBuildConfiguration;
			buildSettings = {
				ALWAYS_SEARCH_USER_PATHS = NO;
				CLANG_ANALYZER_NONNULL = YES;
				CLANG_CXX_LANGUAGE_STANDARD = "gnu++0x";
				CLANG_CXX_LIBRARY = "libc++";
				CLANG_ENABLE_MODULES = YES;
				CLANG_ENABLE_OBJC_ARC = YES;
				CLANG_WARN_BOOL_CONVERSION = YES;
				CLANG_WARN_CONSTANT_CONVERSION = YES;
				CLANG_WARN_DIRECT_OBJC_ISA_USAGE = YES_ERROR;
				CLANG_WARN_DOCUMENTATION_COMMENTS = YES;
				CLANG_WARN_EMPTY_BODY = YES;
				CLANG_WARN_ENUM_CONVERSION = YES;
				CLANG_WARN_INFINITE_RECURSION = YES;
				CLANG_WARN_INT_CONVERSION = YES;
				CLANG_WARN_OBJC_ROOT_CLASS = YES_ERROR;
				CLANG_WARN_SUSPICIOUS_MOVE = YES;
				CLANG_WARN_UNREACHABLE_CODE = YES;
				CLANG_WARN__DUPLICATE_METHOD_MATCH = YES;
				CODE_SIGN_IDENTITY = "-";
				COPY_PHASE_STRIP = NO;
				DEBUG_INFORMATION_FORMAT = "dwarf-with-dsym";
				ENABLE_NS_ASSERTIONS = NO;
				ENABLE_STRICT_OBJC_MSGSEND = YES;
				GCC_C_LANGUAGE_STANDARD = gnu99;
				GCC_NO_COMMON_BLOCKS = YES;
				GCC_WARN_64_TO_32_BIT_CONVERSION = YES;
				GCC_WARN_ABOUT_RETURN_TYPE = YES_ERROR;
				GCC_WARN_UNDECLARED_SELECTOR = YES;
				GCC_WARN_UNINITIALIZED_AUTOS = YES_AGGRESSIVE;
				GCC_WARN_UNUSED_FUNCTION = YES;
				GCC_WARN_UNUSED_VARIABLE = YES;
				MACOSX_DEPLOYMENT_TARGET = 10.11;
				MTL_ENABLE_DEBUG_INFO = NO;
				SDKROOT = macosx;
			};
			name = Release;
		};
		7CEAA5201E2F151100E969C4 /* Debug */ = {
			isa = XCBuildConfiguration;
			buildSettings = {
				FRAMEWORK_SEARCH_PATHS = (
					"$(inherited)",
					"$(LOCAL_LIBRARY_DIR)/Frameworks",
				);
				PRODUCT_NAME = "$(TARGET_NAME)";
			};
			name = Debug;
		};
		7CEAA5211E2F151100E969C4 /* Release */ = {
			isa = XCBuildConfiguration;
			buildSettings = {
				FRAMEWORK_SEARCH_PATHS = (
					"$(inherited)",
					"$(LOCAL_LIBRARY_DIR)/Frameworks",
				);
				PRODUCT_NAME = "$(TARGET_NAME)";
			};
			name = Release;
		};
/* End XCBuildConfiguration section */

/* Begin XCConfigurationList section */
		7CEAA5131E2F151100E969C4 /* Build configuration list for PBXProject "MMORPG_Simulator" */ = {
			isa = XCConfigurationList;
			buildConfigurations = (
				7CEAA51D1E2F151100E969C4 /* Debug */,
				7CEAA51E1E2F151100E969C4 /* Release */,
			);
			defaultConfigurationIsVisible = 0;
			defaultConfigurationName = Release;
		};
		7CEAA51F1E2F151100E969C4 /* Build configuration list for PBXNativeTarget "MMORPG_Simulator" */ = {
			isa = XCConfigurationList;
			buildConfigurations = (
				7CEAA5201E2F151100E969C4 /* Debug */,
				7CEAA5211E2F151100E969C4 /* Release */,
			);
			defaultConfigurationIsVisible = 0;
			defaultConfigurationName = Release;
		};
/* End XCConfigurationList section */
	};
	rootObject = 7CEAA5101E2F151100E969C4 /* Project object */;
}
